
Microsoft Visual Studio Solution File, Format Version 12.00
# Visual Studio Version 16
VisualStudioVersion = 16.0.28803.352
MinimumVisualStudioVersion = 10.0.40219.1
Project("{FAE04EC0-301F-11D3-BF4B-00C04F79EFBC}") = "AnalyticHierarchyProcess", "AnalyticHierarchyProcess.csproj", "{EB497979-D755-4C60-AE38-D0EDFDAFAC50}"
EndProject
Global
	GlobalSection(SolutionConfigurationPlatforms) = preSolution
		Debug|Any CPU = Debug|Any CPU
		Release|Any CPU = Release|Any CPU
	EndGlobalSection
	GlobalSection(ProjectConfigurationPlatforms) = postSolution
		{EB497979-D755-4C60-AE38-D0EDFDAFAC50}.Debug|Any CPU.ActiveCfg = Debug|Any CPU
		{EB497979-D755-4C60-AE38-D0EDFDAFAC50}.Debug|Any CPU.Build.0 = Debug|Any CPU
		{EB497979-D755-4C60-AE38-D0EDFDAFAC50}.Release|Any CPU.ActiveCfg = Release|Any CPU
		{EB497979-D755-4C60-AE38-D0EDFDAFAC50}.Release|Any CPU.Build.0 = Release|Any CPU
	EndGlobalSection
	GlobalSection(SolutionProperties) = preSolution
		HideSolutionNode = FALSE
	EndGlobalSection
	GlobalSection(ExtensibilityGlobals) = postSolution
		SolutionGuid = {3FD792B3-36CC-4F96-AE7A-C8C3DCFF7C5A}
	EndGlobalSection
EndGlobal
